
Microsoft Visual Studio Solution File, Format Version 12.00
# Visual Studio Version 16
VisualStudioVersion = 16.0.29230.47
MinimumVisualStudioVersion = 10.0.40219.1
Project("{9A19103F-16F7-4668-BE54-9A1E7A4F7556}") = "Livekodning", "Livekodning\Livekodning.csproj", "{F814D8F2-6BCB-4803-BBF1-13FCC832AFB7}"
EndProject
Global
	GlobalSection(SolutionConfigurationPlatforms) = preSolution
		Debug|Any CPU = Debug|Any CPU
		Release|Any CPU = Release|Any CPU
	EndGlobalSection
	GlobalSection(ProjectConfigurationPlatforms) = postSolution
		{F814D8F2-6BCB-4803-BBF1-13FCC832AFB7}.Debug|Any CPU.ActiveCfg = Debug|Any CPU
		{F814D8F2-6BCB-4803-BBF1-13FCC832AFB7}.Debug|Any CPU.Build.0 = Debug|Any CPU
		{F814D8F2-6BCB-4803-BBF1-13FCC832AFB7}.Release|Any CPU.ActiveCfg = Release|Any CPU
		{F814D8F2-6BCB-4803-BBF1-13FCC832AFB7}.Release|Any CPU.Build.0 = Release|Any CPU
	EndGlobalSection
	GlobalSection(SolutionProperties) = preSolution
		HideSolutionNode = FALSE
	EndGlobalSection
	GlobalSection(ExtensibilityGlobals) = postSolution
		SolutionGuid = {E7C7D62A-27CF-477D-8746-59382A5230EF}
	EndGlobalSection
EndGlobal
